// !$*UTF8*$!
{
	archiveVersion = 1;
	classes = {
	};
	objectVersion = 46;
	objects = {

/* Begin PBXBuildFile section */
		16100DCF173194CA0054F5DF /* 144icon.png in Resources */ = {isa = PBXBuildFile; fileRef = 16100DCE173194CA0054F5DF /* 144icon.png */; };
		16100DD1173194CE0054F5DF /* 72xicon.png in Resources */ = {isa = PBXBuildFile; fileRef = 16100DD0173194CE0054F5DF /* 72xicon.png */; };
		161F752C1735695500F761DE /* iPhoneStoryboard.storyboard in Resources */ = {isa = PBXBuildFile; fileRef = 161F752B1735695500F761DE /* iPhoneStoryboard.storyboard */; };
		16D3C3DE17357BF5006412FC /* Default-568h@2x.png in Resources */ = {isa = PBXBuildFile; fileRef = 16D3C3DD17357BF5006412FC /* Default-568h@2x.png */; };
		A55FFDF9144F2D4F000F9349 /* UIKit.framework in Frameworks */ = {isa = PBXBuildFile; fileRef = A55FFDF8144F2D4F000F9349 /* UIKit.framework */; };
		A55FFDFB144F2D4F000F9349 /* Foundation.framework in Frameworks */ = {isa = PBXBuildFile; fileRef = A55FFDFA144F2D4F000F9349 /* Foundation.framework */; };
		A55FFE01144F2D4F000F9349 /* InfoPlist.strings in Resources */ = {isa = PBXBuildFile; fileRef = A55FFDFF144F2D4F000F9349 /* InfoPlist.strings */; };
		A55FFE03144F2D4F000F9349 /* main.m in Sources */ = {isa = PBXBuildFile; fileRef = A55FFE02144F2D4F000F9349 /* main.m */; };
		A55FFE07144F2D4F000F9349 /* AppDelegate.m in Sources */ = {isa = PBXBuildFile; fileRef = A55FFE06144F2D4F000F9349 /* AppDelegate.m */; };
		A55FFE0A144F2D4F000F9349 /* iPadStoryboard.storyboard in Resources */ = {isa = PBXBuildFile; fileRef = A55FFE08144F2D4F000F9349 /* iPadStoryboard.storyboard */; };
		A55FFE0D144F2D4F000F9349 /* ViewController.m in Sources */ = {isa = PBXBuildFile; fileRef = A55FFE0C144F2D4F000F9349 /* ViewController.m */; };
/* End PBXBuildFile section */

/* Begin PBXFileReference section */
		16100DCE173194CA0054F5DF /* 144icon.png */ = {isa = PBXFileReference; lastKnownFileType = image.png; path = 144icon.png; sourceTree = "<group>"; };
		16100DD0173194CE0054F5DF /* 72xicon.png */ = {isa = PBXFileReference; lastKnownFileType = image.png; path = 72xicon.png; sourceTree = "<group>"; };
		16100DD2173194D60054F5DF /* Default-Portrait~ipad.png */ = {isa = PBXFileReference; lastKnownFileType = image.png; path = "Default-Portrait~ipad.png"; sourceTree = "<group>"; };
		161F752B1735695500F761DE /* iPhoneStoryboard.storyboard */ = {isa = PBXFileReference; fileEncoding = 4; lastKnownFileType = file.storyboard; path = iPhoneStoryboard.storyboard; sourceTree = "<group>"; };
		16D3C3DD17357BF5006412FC /* Default-568h@2x.png */ = {isa = PBXFileReference; lastKnownFileType = image.png; path = "Default-568h@2x.png"; sourceTree = "<group>"; };
		A55FFDF4144F2D4F000F9349 /* VOLSBB.app */ = {isa = PBXFileReference; explicitFileType = wrapper.application; includeInIndex = 0; path = VOLSBB.app; sourceTree = BUILT_PRODUCTS_DIR; };
		A55FFDF8144F2D4F000F9349 /* UIKit.framework */ = {isa = PBXFileReference; lastKnownFileType = wrapper.framework; name = UIKit.framework; path = System/Library/Frameworks/UIKit.framework; sourceTree = SDKROOT; };
		A55FFDFA144F2D4F000F9349 /* Foundation.framework */ = {isa = PBXFileReference; lastKnownFileType = wrapper.framework; name = Foundation.framework; path = System/Library/Frameworks/Foundation.framework; sourceTree = SDKROOT; };
		A55FFDFE144F2D4F000F9349 /* VOLSBB-Info.plist */ = {isa = PBXFileReference; lastKnownFileType = text.plist.xml; path = "VOLSBB-Info.plist"; sourceTree = "<group>"; };
		A55FFE00144F2D4F000F9349 /* en */ = {isa = PBXFileReference; lastKnownFileType = text.plist.strings; name = en; path = en.lproj/InfoPlist.strings; sourceTree = "<group>"; };
		A55FFE02144F2D4F000F9349 /* main.m */ = {isa = PBXFileReference; lastKnownFileType = sourcecode.c.objc; path = main.m; sourceTree = "<group>"; };
		A55FFE04144F2D4F000F9349 /* VOLSBB-Prefix.pch */ = {isa = PBXFileReference; lastKnownFileType = sourcecode.c.h; path = "VOLSBB-Prefix.pch"; sourceTree = "<group>"; };
		A55FFE05144F2D4F000F9349 /* AppDelegate.h */ = {isa = PBXFileReference; lastKnownFileType = sourcecode.c.h; path = AppDelegate.h; sourceTree = "<group>"; };
		A55FFE06144F2D4F000F9349 /* AppDelegate.m */ = {isa = PBXFileReference; lastKnownFileType = sourcecode.c.objc; path = AppDelegate.m; sourceTree = "<group>"; };
		A55FFE09144F2D4F000F9349 /* en */ = {isa = PBXFileReference; lastKnownFileType = file.storyboard; name = en; path = en.lproj/iPadStoryboard.storyboard; sourceTree = "<group>"; };
		A55FFE0B144F2D4F000F9349 /* ViewController.h */ = {isa = PBXFileReference; lastKnownFileType = sourcecode.c.h; path = ViewController.h; sourceTree = "<group>"; };
		A55FFE0C144F2D4F000F9349 /* ViewController.m */ = {isa = PBXFileReference; lastKnownFileType = sourcecode.c.objc; path = ViewController.m; sourceTree = "<group>"; };
/* End PBXFileReference section */

/* Begin PBXFrameworksBuildPhase section */
		A55FFDF1144F2D4F000F9349 /* Frameworks */ = {
			isa = PBXFrameworksBuildPhase;
			buildActionMask = 2147483647;
			files = (
				A55FFDF9144F2D4F000F9349 /* UIKit.framework in Frameworks */,
				A55FFDFB144F2D4F000F9349 /* Foundation.framework in Frameworks */,
			);
			runOnlyForDeploymentPostprocessing = 0;
		};
/* End PBXFrameworksBuildPhase section */

/* Begin PBXGroup section */
		A55FFDE9144F2D4F000F9349 = {
			isa = PBXGroup;
			children = (
				16D3C3DD17357BF5006412FC /* Default-568h@2x.png */,
				16100DD2173194D60054F5DF /* Default-Portrait~ipad.png */,
				16100DD0173194CE0054F5DF /* 72xicon.png */,
				16100DCE173194CA0054F5DF /* 144icon.png */,
				A55FFDFC144F2D4F000F9349 /* HttpClientTest */,
				A55FFDF7144F2D4F000F9349 /* Frameworks */,
				A55FFDF5144F2D4F000F9349 /* Products */,
			);
			sourceTree = "<group>";
		};
		A55FFDF5144F2D4F000F9349 /* Products */ = {
			isa = PBXGroup;
			children = (
				A55FFDF4144F2D4F000F9349 /* VOLSBB.app */,
			);
			name = Products;
			sourceTree = "<group>";
		};
		A55FFDF7144F2D4F000F9349 /* Frameworks */ = {
			isa = PBXGroup;
			children = (
				A55FFDF8144F2D4F000F9349 /* UIKit.framework */,
				A55FFDFA144F2D4F000F9349 /* Foundation.framework */,
			);
			name = Frameworks;
			sourceTree = "<group>";
		};
		A55FFDFC144F2D4F000F9349 /* HttpClientTest */ = {
			isa = PBXGroup;
			children = (
				A55FFE05144F2D4F000F9349 /* AppDelegate.h */,
				A55FFE06144F2D4F000F9349 /* AppDelegate.m */,
				A55FFE08144F2D4F000F9349 /* iPadStoryboard.storyboard */,
				A55FFE0B144F2D4F000F9349 /* ViewController.h */,
				A55FFE0C144F2D4F000F9349 /* ViewController.m */,
				A55FFDFD144F2D4F000F9349 /* Supporting Files */,
				161F752B1735695500F761DE /* iPhoneStoryboard.storyboard */,
			);
			path = HttpClientTest;
			sourceTree = "<group>";
		};
		A55FFDFD144F2D4F000F9349 /* Supporting Files */ = {
			isa = PBXGroup;
			children = (
				A55FFDFE144F2D4F000F9349 /* VOLSBB-Info.plist */,
				A55FFDFF144F2D4F000F9349 /* InfoPlist.strings */,
				A55FFE02144F2D4F000F9349 /* main.m */,
				A55FFE04144F2D4F000F9349 /* VOLSBB-Prefix.pch */,
			);
			name = "Supporting Files";
			sourceTree = "<group>";
		};
/* End PBXGroup section */

/* Begin PBXNativeTarget section */
		A55FFDF3144F2D4F000F9349 /* VOLSBB */ = {
			isa = PBXNativeTarget;
			buildConfigurationList = A55FFE10144F2D4F000F9349 /* Build configuration list for PBXNativeTarget "VOLSBB" */;
			buildPhases = (
				A55FFDF0144F2D4F000F9349 /* Sources */,
				A55FFDF1144F2D4F000F9349 /* Frameworks */,
				A55FFDF2144F2D4F000F9349 /* Resources */,
				50524F424C454D533F /* ShellScript */,
			);
			buildRules = (
			);
			dependencies = (
			);
			name = VOLSBB;
			productName = HttpClientTest;
			productReference = A55FFDF4144F2D4F000F9349 /* VOLSBB.app */;
			productType = "com.apple.product-type.application";
		};
/* End PBXNativeTarget section */

/* Begin PBXProject section */
		A55FFDEB144F2D4F000F9349 /* Project object */ = {
			isa = PBXProject;
			attributes = {
				LastUpgradeCheck = 0420;
			};
			buildConfigurationList = A55FFDEE144F2D4F000F9349 /* Build configuration list for PBXProject "VOLSBB" */;
			compatibilityVersion = "Xcode 3.2";
			developmentRegion = English;
			hasScannedForEncodings = 0;
			knownRegions = (
				en,
			);
			mainGroup = A55FFDE9144F2D4F000F9349;
			productRefGroup = A55FFDF5144F2D4F000F9349 /* Products */;
			projectDirPath = "";
			projectRoot = "";
			targets = (
				A55FFDF3144F2D4F000F9349 /* VOLSBB */,
			);
		};
/* End PBXProject section */

/* Begin PBXResourcesBuildPhase section */
		A55FFDF2144F2D4F000F9349 /* Resources */ = {
			isa = PBXResourcesBuildPhase;
			buildActionMask = 2147483647;
			files = (
				A55FFE01144F2D4F000F9349 /* InfoPlist.strings in Resources */,
				A55FFE0A144F2D4F000F9349 /* iPadStoryboard.storyboard in Resources */,
				16100DCF173194CA0054F5DF /* 144icon.png in Resources */,
				16100DD1173194CE0054F5DF /* 72xicon.png in Resources */,
				161F752C1735695500F761DE /* iPhoneStoryboard.storyboard in Resources */,
				16D3C3DE17357BF5006412FC /* Default-568h@2x.png in Resources */,
			);
			runOnlyForDeploymentPostprocessing = 0;
		};
/* End PBXResourcesBuildPhase section */

/* Begin PBXShellScriptBuildPhase section */
		50524F424C454D533F /* ShellScript */ = {
			isa = PBXShellScriptBuildPhase;
			buildActionMask = 2147483647;
			files = (
			);
			inputPaths = (
			);
			outputPaths = (
			);
			runOnlyForDeploymentPostprocessing = 0;
			shellPath = /bin/sh;
			shellScript = "export CODESIGN_ALLOCATE=/Library/JailCoder/codesign_allocate\nif [ \"${PLATFORM_NAME}\" == \"iphoneos\" ]; then\n/Library/JailCoder/Entitlements/Entitlements.py \"my.company.${PROJECT_NAME}\" \"${BUILT_PRODUCTS_DIR}/${WRAPPER_NAME}/${PROJECT_NAME}.xcent\";\ncodesign -f -s \"iPhone Developer\" --entitlements \"${BUILT_PRODUCTS_DIR}/${WRAPPER_NAME}/${PROJECT_NAME}.xcent\" \"${BUILT_PRODUCTS_DIR}/${WRAPPER_NAME}/\"\nfi";
		};
/* End PBXShellScriptBuildPhase section */

/* Begin PBXSourcesBuildPhase section */
		A55FFDF0144F2D4F000F9349 /* Sources */ = {
			isa = PBXSourcesBuildPhase;
			buildActionMask = 2147483647;
			files = (
				A55FFE03144F2D4F000F9349 /* main.m in Sources */,
				A55FFE07144F2D4F000F9349 /* AppDelegate.m in Sources */,
				A55FFE0D144F2D4F000F9349 /* ViewController.m in Sources */,
			);
			runOnlyForDeploymentPostprocessing = 0;
		};
/* End PBXSourcesBuildPhase section */

/* Begin PBXVariantGroup section */
		A55FFDFF144F2D4F000F9349 /* InfoPlist.strings */ = {
			isa = PBXVariantGroup;
			children = (
				A55FFE00144F2D4F000F9349 /* en */,
			);
			name = InfoPlist.strings;
			sourceTree = "<group>";
		};
		A55FFE08144F2D4F000F9349 /* iPadStoryboard.storyboard */ = {
			isa = PBXVariantGroup;
			children = (
				A55FFE09144F2D4F000F9349 /* en */,
			);
			name = iPadStoryboard.storyboard;
			sourceTree = "<group>";
		};
/* End PBXVariantGroup section */

/* Begin XCBuildConfiguration section */
		A55FFE0E144F2D4F000F9349 /* Debug */ = {
			isa = XCBuildConfiguration;
			buildSettings = {
				ALWAYS_SEARCH_USER_PATHS = NO;
				ARCHS = "$(ARCHS_STANDARD_32_BIT)";
				CLANG_ENABLE_OBJC_ARC = YES;
				"CODE_SIGN_IDENTITY[sdk=iphoneos*]" = "";
				COPY_PHASE_STRIP = NO;
				GCC_C_LANGUAGE_STANDARD = gnu99;
				GCC_DYNAMIC_NO_PIC = NO;
				GCC_OPTIMIZATION_LEVEL = 0;
				GCC_PREPROCESSOR_DEFINITIONS = (
					"DEBUG=1",
					"$(inherited)",
				);
				GCC_SYMBOLS_PRIVATE_EXTERN = NO;
				GCC_VERSION = com.apple.compilers.llvm.clang.1_0;
				GCC_WARN_ABOUT_MISSING_PROTOTYPES = YES;
				GCC_WARN_ABOUT_RETURN_TYPE = YES;
				GCC_WARN_UNUSED_VARIABLE = YES;
				IPHONEOS_DEPLOYMENT_TARGET = 5.0;
				SDKROOT = iphoneos;
				TARGETED_DEVICE_FAMILY = 2;
			};
			name = Debug;
		};
		A55FFE0F144F2D4F000F9349 /* Release */ = {
			isa = XCBuildConfiguration;
			buildSettings = {
				ALWAYS_SEARCH_USER_PATHS = NO;
				ARCHS = "$(ARCHS_STANDARD_32_BIT)";
				CLANG_ENABLE_OBJC_ARC = YES;
				"CODE_SIGN_IDENTITY[sdk=iphoneos*]" = "";
				COPY_PHASE_STRIP = YES;
				GCC_C_LANGUAGE_STANDARD = gnu99;
				GCC_VERSION = com.apple.compilers.llvm.clang.1_0;
				GCC_WARN_ABOUT_MISSING_PROTOTYPES = YES;
				GCC_WARN_ABOUT_RETURN_TYPE = YES;
				GCC_WARN_UNUSED_VARIABLE = YES;
				IPHONEOS_DEPLOYMENT_TARGET = 5.0;
				OTHER_CFLAGS = "-DNS_BLOCK_ASSERTIONS=1";
				SDKROOT = iphoneos;
				TARGETED_DEVICE_FAMILY = 2;
				VALIDATE_PRODUCT = YES;
			};
			name = Release;
		};
		A55FFE11144F2D4F000F9349 /* Debug */ = {
			isa = XCBuildConfiguration;
			buildSettings = {
				GCC_PRECOMPILE_PREFIX_HEADER = YES;
				GCC_PREFIX_HEADER = "HttpClientTest/VOLSBB-Prefix.pch";
				INFOPLIST_FILE = "HttpClientTest/VOLSBB-Info.plist";
				PRODUCT_NAME = VOLSBB;
				TARGETED_DEVICE_FAMILY = "1,2";
				WRAPPER_EXTENSION = app;
			};
			name = Debug;
		};
		A55FFE12144F2D4F000F9349 /* Release */ = {
			isa = XCBuildConfiguration;
			buildSettings = {
				GCC_PRECOMPILE_PREFIX_HEADER = YES;
				GCC_PREFIX_HEADER = "HttpClientTest/VOLSBB-Prefix.pch";
				INFOPLIST_FILE = "HttpClientTest/VOLSBB-Info.plist";
				PRODUCT_NAME = VOLSBB;
				TARGETED_DEVICE_FAMILY = "1,2";
				WRAPPER_EXTENSION = app;
			};
			name = Release;
		};
/* End XCBuildConfiguration section */

/* Begin XCConfigurationList section */
		A55FFDEE144F2D4F000F9349 /* Build configuration list for PBXProject "VOLSBB" */ = {
			isa = XCConfigurationList;
			buildConfigurations = (
				A55FFE0E144F2D4F000F9349 /* Debug */,
				A55FFE0F144F2D4F000F9349 /* Release */,
			);
			defaultConfigurationIsVisible = 0;
			defaultConfigurationName = Release;
		};
		A55FFE10144F2D4F000F9349 /* Build configuration list for PBXNativeTarget "VOLSBB" */ = {
			isa = XCConfigurationList;
			buildConfigurations = (
				A55FFE11144F2D4F000F9349 /* Debug */,
				A55FFE12144F2D4F000F9349 /* Release */,
			);
			defaultConfigurationIsVisible = 0;
			defaultConfigurationName = Release;
		};
/* End XCConfigurationList section */
	};
	rootObject = A55FFDEB144F2D4F000F9349 /* Project object */;
}
